// !$*UTF8*$!
{
	archiveVersion = 1;
	classes = {
	};
	objectVersion = 46;
	objects = {

/* Begin PBXBuildFile section */
		0031DA79C1C812C85A885F42 /* PermissionController.swift in Sources */ = {isa = PBXBuildFile; fileRef = ED7D9222D6BA27ACF4D97EE0 /* PermissionController.swift */; };
		1E66E77D61EDD59CDE11D360 /* AppDelegate.swift in Sources */ = {isa = PBXBuildFile; fileRef = 0AA06807D2900F9E7675A2D9 /* AppDelegate.swift */; };
		39E2D2E0C98B389C9A3A4158 /* ContentView.swift in Sources */ = {isa = PBXBuildFile; fileRef = 12AA171F0D6EEAB93CA88829 /* ContentView.swift */; };
		62F4991DF277A3D69F478216 /* Foundation.framework in Frameworks */ = {isa = PBXBuildFile; fileRef = EA92C6F6A7E532E8B437AF1E /* Foundation.framework */; };
		B265B3B2F4A4D1C8CDBB3361 /* Assets.xcassets in Resources */ = {isa = PBXBuildFile; fileRef = 64BB30A38837D20B00103E16 /* Assets.xcassets */; };
		BE3A6B2C6E9F4C53B0726B57 /* GoDyrectWebView.swift in Sources */ = {isa = PBXBuildFile; fileRef = F71E287ABC50A932BAB994D5 /* GoDyrectWebView.swift */; };
		E0E9DF59DDEDB90D63F65F58 /* GoDyrectApp.swift in Sources */ = {isa = PBXBuildFile; fileRef = 875DC967C7ACE8638F0CDA67 /* GoDyrectApp.swift */; };
/* End PBXBuildFile section */

/* Begin PBXFileReference section */
		0AA06807D2900F9E7675A2D9 /* AppDelegate.swift */ = {isa = PBXFileReference; includeInIndex = 1; lastKnownFileType = sourcecode.swift; path = AppDelegate.swift; sourceTree = "<group>"; };
		12AA171F0D6EEAB93CA88829 /* ContentView.swift */ = {isa = PBXFileReference; includeInIndex = 1; lastKnownFileType = sourcecode.swift; path = ContentView.swift; sourceTree = "<group>"; };
		64BB30A38837D20B00103E16 /* Assets.xcassets */ = {isa = PBXFileReference; includeInIndex = 1; lastKnownFileType = folder.assetcatalog; path = Assets.xcassets; sourceTree = "<group>"; };
		7E71ADDBE64410C49AFE26EC /* GoDyrect.app */ = {isa = PBXFileReference; explicitFileType = wrapper.application; includeInIndex = 0; path = GoDyrect.app; sourceTree = BUILT_PRODUCTS_DIR; };
		875DC967C7ACE8638F0CDA67 /* GoDyrectApp.swift */ = {isa = PBXFileReference; includeInIndex = 1; lastKnownFileType = sourcecode.swift; path = GoDyrectApp.swift; sourceTree = "<group>"; };
		EA92C6F6A7E532E8B437AF1E /* Foundation.framework */ = {isa = PBXFileReference; lastKnownFileType = wrapper.framework; name = Foundation.framework; path = Platforms/iPhoneOS.platform/Developer/SDKs/iPhoneOS18.0.sdk/System/Library/Frameworks/Foundation.framework; sourceTree = DEVELOPER_DIR; };
		ED7D9222D6BA27ACF4D97EE0 /* PermissionController.swift */ = {isa = PBXFileReference; includeInIndex = 1; lastKnownFileType = sourcecode.swift; path = PermissionController.swift; sourceTree = "<group>"; };
		F71E287ABC50A932BAB994D5 /* GoDyrectWebView.swift */ = {isa = PBXFileReference; includeInIndex = 1; lastKnownFileType = sourcecode.swift; path = GoDyrectWebView.swift; sourceTree = "<group>"; };
/* End PBXFileReference section */

/* Begin PBXFrameworksBuildPhase section */
		B38E2C987DC2631A3F47D50A /* Frameworks */ = {
			isa = PBXFrameworksBuildPhase;
			buildActionMask = 2147483647;
			files = (
				62F4991DF277A3D69F478216 /* Foundation.framework in Frameworks */,
			);
			runOnlyForDeploymentPostprocessing = 0;
		};
/* End PBXFrameworksBuildPhase section */

/* Begin PBXGroup section */
		00A4D8D634E8EE8BD8505052 /* iOS */ = {
			isa = PBXGroup;
			children = (
				EA92C6F6A7E532E8B437AF1E /* Foundation.framework */,
			);
			name = iOS;
			sourceTree = "<group>";
		};
		09E1DFF9C6AD8F78057A5D0E = {
			isa = PBXGroup;
			children = (
				9D5F0D9D57DD673C1DDECD63 /* Products */,
				8C6BFEC07D339A26350A1CA4 /* Frameworks */,
				9C84D9782E80105E6D6D23F5 /* GoDyrect */,
			);
			sourceTree = "<group>";
		};
		8C6BFEC07D339A26350A1CA4 /* Frameworks */ = {
			isa = PBXGroup;
			children = (
				00A4D8D634E8EE8BD8505052 /* iOS */,
			);
			name = Frameworks;
			sourceTree = "<group>";
		};
		9C84D9782E80105E6D6D23F5 /* GoDyrect */ = {
			isa = PBXGroup;
			children = (
				875DC967C7ACE8638F0CDA67 /* GoDyrectApp.swift */,
				12AA171F0D6EEAB93CA88829 /* ContentView.swift */,
				F71E287ABC50A932BAB994D5 /* GoDyrectWebView.swift */,
				ED7D9222D6BA27ACF4D97EE0 /* PermissionController.swift */,
				0AA06807D2900F9E7675A2D9 /* AppDelegate.swift */,
				64BB30A38837D20B00103E16 /* Assets.xcassets */,
			);
			name = GoDyrect;
			path = GoDyrect;
			sourceTree = "<group>";
		};
		9D5F0D9D57DD673C1DDECD63 /* Products */ = {
			isa = PBXGroup;
			children = (
				7E71ADDBE64410C49AFE26EC /* GoDyrect.app */,
			);
			name = Products;
			sourceTree = "<group>";
		};
/* End PBXGroup section */

/* Begin PBXNativeTarget section */
		2CCFB20B8A37F33D33BC8DE5 /* GoDyrect */ = {
			isa = PBXNativeTarget;
			buildConfigurationList = 7D3D59B7A447F4A4CB65E816 /* Build configuration list for PBXNativeTarget "GoDyrect" */;
			buildPhases = (
				8015A115072C11F39316F2EB /* Sources */,
				B38E2C987DC2631A3F47D50A /* Frameworks */,
				889B28ED45C52278CBCC0227 /* Resources */,
			);
			buildRules = (
			);
			dependencies = (
			);
			name = GoDyrect;
			productName = GoDyrect;
			productReference = 7E71ADDBE64410C49AFE26EC /* GoDyrect.app */;
			productType = "com.apple.product-type.application";
		};
/* End PBXNativeTarget section */

/* Begin PBXProject section */
		85A64494361115508DE80B48 /* Project object */ = {
			isa = PBXProject;
			attributes = {
				LastSwiftUpdateCheck = 2650;
				LastUpgradeCheck = 2650;
				TargetAttributes = {
					2CCFB20B8A37F33D33BC8DE5 = {
						CreatedOnToolsVersion = 26.5;
						SystemCapabilities = {
							com.apple.Push = {
								enabled = 1;
							};
						};
					};
				};
			};
			buildConfigurationList = B1149F9FF61B0E086CC0015C /* Build configuration list for PBXProject "GoDyrect" */;
			compatibilityVersion = "Xcode 3.2";
			developmentRegion = en;
			hasScannedForEncodings = 0;
			knownRegions = (
				en,
				Base,
			);
			mainGroup = 09E1DFF9C6AD8F78057A5D0E;
			minimizedProjectReferenceProxies = 0;
			preferredProjectObjectVersion = 77;
			productRefGroup = 9D5F0D9D57DD673C1DDECD63 /* Products */;
			projectDirPath = "";
			projectRoot = "";
			targets = (
				2CCFB20B8A37F33D33BC8DE5 /* GoDyrect */,
			);
		};
/* End PBXProject section */

/* Begin PBXResourcesBuildPhase section */
		889B28ED45C52278CBCC0227 /* Resources */ = {
			isa = PBXResourcesBuildPhase;
			buildActionMask = 2147483647;
			files = (
				B265B3B2F4A4D1C8CDBB3361 /* Assets.xcassets in Resources */,
			);
			runOnlyForDeploymentPostprocessing = 0;
		};
/* End PBXResourcesBuildPhase section */

/* Begin PBXSourcesBuildPhase section */
		8015A115072C11F39316F2EB /* Sources */ = {
			isa = PBXSourcesBuildPhase;
			buildActionMask = 2147483647;
			files = (
				E0E9DF59DDEDB90D63F65F58 /* GoDyrectApp.swift in Sources */,
				39E2D2E0C98B389C9A3A4158 /* ContentView.swift in Sources */,
				BE3A6B2C6E9F4C53B0726B57 /* GoDyrectWebView.swift in Sources */,
				0031DA79C1C812C85A885F42 /* PermissionController.swift in Sources */,
				1E66E77D61EDD59CDE11D360 /* AppDelegate.swift in Sources */,
			);
			runOnlyForDeploymentPostprocessing = 0;
		};
/* End PBXSourcesBuildPhase section */

/* Begin XCBuildConfiguration section */
		0AC95524132CEB84D147323B /* Debug */ = {
			isa = XCBuildConfiguration;
			buildSettings = {
				ASSETCATALOG_COMPILER_APPICON_NAME = AppIcon;
				ASSETCATALOG_COMPILER_GLOBAL_ACCENT_COLOR_NAME = AccentColor;
				CLANG_ENABLE_OBJC_WEAK = NO;
				CODE_SIGN_ENTITLEMENTS = GoDyrect/GoDyrect.entitlements;
				CODE_SIGN_STYLE = Automatic;
				CURRENT_PROJECT_VERSION = 4;
				DEVELOPMENT_TEAM = 3258CL32QP;
				ENABLE_USER_SCRIPT_SANDBOXING = YES;
				GENERATE_INFOPLIST_FILE = NO;
				INFOPLIST_FILE = GoDyrect/Info.plist;
				IPHONEOS_DEPLOYMENT_TARGET = 17.0;
				LD_RUNPATH_SEARCH_PATHS = "$(inherited) @executable_path/Frameworks";
				MARKETING_VERSION = 1.0.0;
				PRODUCT_BUNDLE_IDENTIFIER = com.godyrect.mobile;
				PRODUCT_NAME = "$(TARGET_NAME)";
				SDKROOT = iphoneos;
				SWIFT_VERSION = 5.0;
				TARGETED_DEVICE_FAMILY = "1,2";
			};
			name = Debug;
		};
		10F46237540713B456B54B0B /* Debug */ = {
			isa = XCBuildConfiguration;
			buildSettings = {
				ALWAYS_SEARCH_USER_PATHS = NO;
				CLANG_ANALYZER_NONNULL = YES;
				CLANG_ANALYZER_NUMBER_OBJECT_CONVERSION = YES_AGGRESSIVE;
				CLANG_CXX_LANGUAGE_STANDARD = "gnu++14";
				CLANG_CXX_LIBRARY = "libc++";
				CLANG_ENABLE_MODULES = YES;
				CLANG_ENABLE_OBJC_ARC = YES;
				CLANG_ENABLE_OBJC_WEAK = YES;
				CLANG_WARN_BLOCK_CAPTURE_AUTORELEASING = YES;
				CLANG_WARN_BOOL_CONVERSION = YES;
				CLANG_WARN_COMMA = YES;
				CLANG_WARN_CONSTANT_CONVERSION = YES;
				CLANG_WARN_DEPRECATED_OBJC_IMPLEMENTATIONS = YES;
				CLANG_WARN_DIRECT_OBJC_ISA_USAGE = YES_ERROR;
				CLANG_WARN_DOCUMENTATION_COMMENTS = YES;
				CLANG_WARN_EMPTY_BODY = YES;
				CLANG_WARN_ENUM_CONVERSION = YES;
				CLANG_WARN_INFINITE_RECURSION = YES;
				CLANG_WARN_INT_CONVERSION = YES;
				CLANG_WARN_NON_LITERAL_NULL_CONVERSION = YES;
				CLANG_WARN_OBJC_IMPLICIT_RETAIN_SELF = YES;
				CLANG_WARN_OBJC_LITERAL_CONVERSION = YES;
				CLANG_WARN_OBJC_ROOT_CLASS = YES_ERROR;
				CLANG_WARN_QUOTED_INCLUDE_IN_FRAMEWORK_HEADER = YES;
				CLANG_WARN_RANGE_LOOP_ANALYSIS = YES;
				CLANG_WARN_STRICT_PROTOTYPES = YES;
				CLANG_WARN_SUSPICIOUS_MOVE = YES;
				CLANG_WARN_UNGUARDED_AVAILABILITY = YES_AGGRESSIVE;
				CLANG_WARN_UNREACHABLE_CODE = YES;
				CLANG_WARN__DUPLICATE_METHOD_MATCH = YES;
				COPY_PHASE_STRIP = NO;
				DEBUG_INFORMATION_FORMAT = dwarf;
				ENABLE_STRICT_OBJC_MSGSEND = YES;
				ENABLE_TESTABILITY = YES;
				GCC_C_LANGUAGE_STANDARD = gnu11;
				GCC_DYNAMIC_NO_PIC = NO;
				GCC_NO_COMMON_BLOCKS = YES;
				GCC_OPTIMIZATION_LEVEL = 0;
				GCC_PREPROCESSOR_DEFINITIONS = (
					"DEBUG=1",
					"$(inherited)",
				);
				GCC_WARN_64_TO_32_BIT_CONVERSION = YES;
				GCC_WARN_ABOUT_RETURN_TYPE = YES_ERROR;
				GCC_WARN_UNDECLARED_SELECTOR = YES;
				GCC_WARN_UNINITIALIZED_AUTOS = YES_AGGRESSIVE;
				GCC_WARN_UNUSED_FUNCTION = YES;
				GCC_WARN_UNUSED_VARIABLE = YES;
				IPHONEOS_DEPLOYMENT_TARGET = 17.0;
				MTL_ENABLE_DEBUG_INFO = INCLUDE_SOURCE;
				MTL_FAST_MATH = YES;
				ONLY_ACTIVE_ARCH = YES;
				PRODUCT_NAME = "$(TARGET_NAME)";
				SWIFT_ACTIVE_COMPILATION_CONDITIONS = DEBUG;
				SWIFT_OPTIMIZATION_LEVEL = "-Onone";
				SWIFT_VERSION = 5.0;
			};
			name = Debug;
		};
		529C4D6828FF0A8D2785F55E /* Release */ = {
			isa = XCBuildConfiguration;
			buildSettings = {
				ALWAYS_SEARCH_USER_PATHS = NO;
				CLANG_ANALYZER_NONNULL = YES;
				CLANG_ANALYZER_NUMBER_OBJECT_CONVERSION = YES_AGGRESSIVE;
				CLANG_CXX_LANGUAGE_STANDARD = "gnu++14";
				CLANG_CXX_LIBRARY = "libc++";
				CLANG_ENABLE_MODULES = YES;
				CLANG_ENABLE_OBJC_ARC = YES;
				CLANG_ENABLE_OBJC_WEAK = YES;
				CLANG_WARN_BLOCK_CAPTURE_AUTORELEASING = YES;
				CLANG_WARN_BOOL_CONVERSION = YES;
				CLANG_WARN_COMMA = YES;
				CLANG_WARN_CONSTANT_CONVERSION = YES;
				CLANG_WARN_DEPRECATED_OBJC_IMPLEMENTATIONS = YES;
				CLANG_WARN_DIRECT_OBJC_ISA_USAGE = YES_ERROR;
				CLANG_WARN_DOCUMENTATION_COMMENTS = YES;
				CLANG_WARN_EMPTY_BODY = YES;
				CLANG_WARN_ENUM_CONVERSION = YES;
				CLANG_WARN_INFINITE_RECURSION = YES;
				CLANG_WARN_INT_CONVERSION = YES;
				CLANG_WARN_NON_LITERAL_NULL_CONVERSION = YES;
				CLANG_WARN_OBJC_IMPLICIT_RETAIN_SELF = YES;
				CLANG_WARN_OBJC_LITERAL_CONVERSION = YES;
				CLANG_WARN_OBJC_ROOT_CLASS = YES_ERROR;
				CLANG_WARN_QUOTED_INCLUDE_IN_FRAMEWORK_HEADER = YES;
				CLANG_WARN_RANGE_LOOP_ANALYSIS = YES;
				CLANG_WARN_STRICT_PROTOTYPES = YES;
				CLANG_WARN_SUSPICIOUS_MOVE = YES;
				CLANG_WARN_UNGUARDED_AVAILABILITY = YES_AGGRESSIVE;
				CLANG_WARN_UNREACHABLE_CODE = YES;
				CLANG_WARN__DUPLICATE_METHOD_MATCH = YES;
				COPY_PHASE_STRIP = NO;
				DEBUG_INFORMATION_FORMAT = "dwarf-with-dsym";
				ENABLE_NS_ASSERTIONS = NO;
				ENABLE_STRICT_OBJC_MSGSEND = YES;
				GCC_C_LANGUAGE_STANDARD = gnu11;
				GCC_NO_COMMON_BLOCKS = YES;
				GCC_WARN_64_TO_32_BIT_CONVERSION = YES;
				GCC_WARN_ABOUT_RETURN_TYPE = YES_ERROR;
				GCC_WARN_UNDECLARED_SELECTOR = YES;
				GCC_WARN_UNINITIALIZED_AUTOS = YES_AGGRESSIVE;
				GCC_WARN_UNUSED_FUNCTION = YES;
				GCC_WARN_UNUSED_VARIABLE = YES;
				IPHONEOS_DEPLOYMENT_TARGET = 17.0;
				MTL_ENABLE_DEBUG_INFO = NO;
				MTL_FAST_MATH = YES;
				PRODUCT_NAME = "$(TARGET_NAME)";
				SWIFT_COMPILATION_MODE = wholemodule;
				SWIFT_OPTIMIZATION_LEVEL = "-O";
				SWIFT_VERSION = 5.0;
			};
			name = Release;
		};
		904BC572ADFADE504A8FAACD /* Release */ = {
			isa = XCBuildConfiguration;
			buildSettings = {
				ASSETCATALOG_COMPILER_APPICON_NAME = AppIcon;
				ASSETCATALOG_COMPILER_GLOBAL_ACCENT_COLOR_NAME = AccentColor;
				CLANG_ENABLE_OBJC_WEAK = NO;
				CODE_SIGN_ENTITLEMENTS = GoDyrect/GoDyrect.entitlements;
				CODE_SIGN_STYLE = Automatic;
				CURRENT_PROJECT_VERSION = 4;
				DEVELOPMENT_TEAM = 3258CL32QP;
				ENABLE_USER_SCRIPT_SANDBOXING = YES;
				GENERATE_INFOPLIST_FILE = NO;
				INFOPLIST_FILE = GoDyrect/Info.plist;
				IPHONEOS_DEPLOYMENT_TARGET = 17.0;
				LD_RUNPATH_SEARCH_PATHS = "$(inherited) @executable_path/Frameworks";
				MARKETING_VERSION = 1.0.0;
				PRODUCT_BUNDLE_IDENTIFIER = com.godyrect.mobile;
				PRODUCT_NAME = "$(TARGET_NAME)";
				SDKROOT = iphoneos;
				SWIFT_VERSION = 5.0;
				TARGETED_DEVICE_FAMILY = "1,2";
				VALIDATE_PRODUCT = YES;
			};
			name = Release;
		};
/* End XCBuildConfiguration section */

/* Begin XCConfigurationList section */
		7D3D59B7A447F4A4CB65E816 /* Build configuration list for PBXNativeTarget "GoDyrect" */ = {
			isa = XCConfigurationList;
			buildConfigurations = (
				904BC572ADFADE504A8FAACD /* Release */,
				0AC95524132CEB84D147323B /* Debug */,
			);
			defaultConfigurationIsVisible = 0;
			defaultConfigurationName = Release;
		};
		B1149F9FF61B0E086CC0015C /* Build configuration list for PBXProject "GoDyrect" */ = {
			isa = XCConfigurationList;
			buildConfigurations = (
				10F46237540713B456B54B0B /* Debug */,
				529C4D6828FF0A8D2785F55E /* Release */,
			);
			defaultConfigurationIsVisible = 0;
			defaultConfigurationName = Release;
		};
/* End XCConfigurationList section */
	};
	rootObject = 85A64494361115508DE80B48 /* Project object */;
}
