// !$*UTF8*$!
{
	archiveVersion = 1;
	classes = {
	};
	objectVersion = 46;
	objects = {

/* Begin PBXBuildFile section */
		0A039BABCE8819744103761A /* Foundation.framework in Frameworks */ = {isa = PBXBuildFile; fileRef = 4789AF88A4F6C5B563AAB7A2 /* Foundation.framework */; };
		0DAB47D8E4F394A76D83356F /* Assets.xcassets in Resources */ = {isa = PBXBuildFile; fileRef = 7DF08662DA2CA73289A99BF6 /* Assets.xcassets */; };
		34BCB5459B5BE7B92E47B909 /* AppDelegate.swift in Sources */ = {isa = PBXBuildFile; fileRef = 508785E7272E1EA77A8C709E /* AppDelegate.swift */; };
		4D4005C650944A27CBDBF028 /* ContentView.swift in Sources */ = {isa = PBXBuildFile; fileRef = FE0411DD6AA2C122D118F709 /* ContentView.swift */; };
		867594227D6DBE2B5111DFAD /* GoDyrectWebView.swift in Sources */ = {isa = PBXBuildFile; fileRef = C73C5EEAFEAC0DC7EF6CABB6 /* GoDyrectWebView.swift */; };
		DF8F386C868BBC5A31521FED /* PermissionController.swift in Sources */ = {isa = PBXBuildFile; fileRef = 7907C47035EA0E1EEF84390A /* PermissionController.swift */; };
		FFBB82A276A722DD46567C84 /* GoDyrectApp.swift in Sources */ = {isa = PBXBuildFile; fileRef = A28848DF106E613B506F25F4 /* GoDyrectApp.swift */; };
/* End PBXBuildFile section */

/* Begin PBXFileReference section */
		12247CB9C942176819111179 /* GoDyrect.app */ = {isa = PBXFileReference; explicitFileType = wrapper.application; includeInIndex = 0; path = GoDyrect.app; sourceTree = BUILT_PRODUCTS_DIR; };
		4789AF88A4F6C5B563AAB7A2 /* Foundation.framework */ = {isa = PBXFileReference; lastKnownFileType = wrapper.framework; name = Foundation.framework; path = Platforms/iPhoneOS.platform/Developer/SDKs/iPhoneOS18.0.sdk/System/Library/Frameworks/Foundation.framework; sourceTree = DEVELOPER_DIR; };
		508785E7272E1EA77A8C709E /* AppDelegate.swift */ = {isa = PBXFileReference; includeInIndex = 1; lastKnownFileType = sourcecode.swift; path = AppDelegate.swift; sourceTree = "<group>"; };
		7907C47035EA0E1EEF84390A /* PermissionController.swift */ = {isa = PBXFileReference; includeInIndex = 1; lastKnownFileType = sourcecode.swift; path = PermissionController.swift; sourceTree = "<group>"; };
		7DF08662DA2CA73289A99BF6 /* Assets.xcassets */ = {isa = PBXFileReference; includeInIndex = 1; lastKnownFileType = folder.assetcatalog; path = Assets.xcassets; sourceTree = "<group>"; };
		A28848DF106E613B506F25F4 /* GoDyrectApp.swift */ = {isa = PBXFileReference; includeInIndex = 1; lastKnownFileType = sourcecode.swift; path = GoDyrectApp.swift; sourceTree = "<group>"; };
		C73C5EEAFEAC0DC7EF6CABB6 /* GoDyrectWebView.swift */ = {isa = PBXFileReference; includeInIndex = 1; lastKnownFileType = sourcecode.swift; path = GoDyrectWebView.swift; sourceTree = "<group>"; };
		FE0411DD6AA2C122D118F709 /* ContentView.swift */ = {isa = PBXFileReference; includeInIndex = 1; lastKnownFileType = sourcecode.swift; path = ContentView.swift; sourceTree = "<group>"; };
/* End PBXFileReference section */

/* Begin PBXFrameworksBuildPhase section */
		4ADE1AFC471ADDDE56D546B0 /* Frameworks */ = {
			isa = PBXFrameworksBuildPhase;
			buildActionMask = 2147483647;
			files = (
				0A039BABCE8819744103761A /* Foundation.framework in Frameworks */,
			);
			runOnlyForDeploymentPostprocessing = 0;
		};
/* End PBXFrameworksBuildPhase section */

/* Begin PBXGroup section */
		2D42BD720931FD939208D2D4 /* Products */ = {
			isa = PBXGroup;
			children = (
				12247CB9C942176819111179 /* GoDyrect.app */,
			);
			name = Products;
			sourceTree = "<group>";
		};
		995DF762C574EDCB008BEBE6 /* iOS */ = {
			isa = PBXGroup;
			children = (
				4789AF88A4F6C5B563AAB7A2 /* Foundation.framework */,
			);
			name = iOS;
			sourceTree = "<group>";
		};
		A0ACF546AFB0B6ED1E215443 /* GoDyrect */ = {
			isa = PBXGroup;
			children = (
				A28848DF106E613B506F25F4 /* GoDyrectApp.swift */,
				FE0411DD6AA2C122D118F709 /* ContentView.swift */,
				C73C5EEAFEAC0DC7EF6CABB6 /* GoDyrectWebView.swift */,
				7907C47035EA0E1EEF84390A /* PermissionController.swift */,
				508785E7272E1EA77A8C709E /* AppDelegate.swift */,
				7DF08662DA2CA73289A99BF6 /* Assets.xcassets */,
			);
			name = GoDyrect;
			path = GoDyrect;
			sourceTree = "<group>";
		};
		B431B4899B1A9A19CFE86A6D /* Frameworks */ = {
			isa = PBXGroup;
			children = (
				995DF762C574EDCB008BEBE6 /* iOS */,
			);
			name = Frameworks;
			sourceTree = "<group>";
		};
		DB3EA0C0FF35C94359EB87D5 = {
			isa = PBXGroup;
			children = (
				2D42BD720931FD939208D2D4 /* Products */,
				B431B4899B1A9A19CFE86A6D /* Frameworks */,
				A0ACF546AFB0B6ED1E215443 /* GoDyrect */,
			);
			sourceTree = "<group>";
		};
/* End PBXGroup section */

/* Begin PBXNativeTarget section */
		DB11C68C36AE4BB059621B73 /* GoDyrect */ = {
			isa = PBXNativeTarget;
			buildConfigurationList = 1E0256500676684A97660FC9 /* Build configuration list for PBXNativeTarget "GoDyrect" */;
			buildPhases = (
				4CD1B391B5EB6B2ABAA3F294 /* Sources */,
				4ADE1AFC471ADDDE56D546B0 /* Frameworks */,
				1588327B99874CFE571C0546 /* Resources */,
			);
			buildRules = (
			);
			dependencies = (
			);
			name = GoDyrect;
			productName = GoDyrect;
			productReference = 12247CB9C942176819111179 /* GoDyrect.app */;
			productType = "com.apple.product-type.application";
		};
/* End PBXNativeTarget section */

/* Begin PBXProject section */
		5595E4DCAB83350FE9424722 /* Project object */ = {
			isa = PBXProject;
			attributes = {
				LastSwiftUpdateCheck = 2650;
				LastUpgradeCheck = 2650;
				TargetAttributes = {
					DB11C68C36AE4BB059621B73 = {
						CreatedOnToolsVersion = 26.5;
						SystemCapabilities = {
							com.apple.Push = {
								enabled = 1;
							};
						};
					};
				};
			};
			buildConfigurationList = 35AEE66D71D930B17BFAF58B /* Build configuration list for PBXProject "GoDyrect" */;
			compatibilityVersion = "Xcode 3.2";
			developmentRegion = en;
			hasScannedForEncodings = 0;
			knownRegions = (
				en,
				Base,
			);
			mainGroup = DB3EA0C0FF35C94359EB87D5;
			minimizedProjectReferenceProxies = 0;
			preferredProjectObjectVersion = 77;
			productRefGroup = 2D42BD720931FD939208D2D4 /* Products */;
			projectDirPath = "";
			projectRoot = "";
			targets = (
				DB11C68C36AE4BB059621B73 /* GoDyrect */,
			);
		};
/* End PBXProject section */

/* Begin PBXResourcesBuildPhase section */
		1588327B99874CFE571C0546 /* Resources */ = {
			isa = PBXResourcesBuildPhase;
			buildActionMask = 2147483647;
			files = (
				0DAB47D8E4F394A76D83356F /* Assets.xcassets in Resources */,
			);
			runOnlyForDeploymentPostprocessing = 0;
		};
/* End PBXResourcesBuildPhase section */

/* Begin PBXSourcesBuildPhase section */
		4CD1B391B5EB6B2ABAA3F294 /* Sources */ = {
			isa = PBXSourcesBuildPhase;
			buildActionMask = 2147483647;
			files = (
				FFBB82A276A722DD46567C84 /* GoDyrectApp.swift in Sources */,
				4D4005C650944A27CBDBF028 /* ContentView.swift in Sources */,
				867594227D6DBE2B5111DFAD /* GoDyrectWebView.swift in Sources */,
				DF8F386C868BBC5A31521FED /* PermissionController.swift in Sources */,
				34BCB5459B5BE7B92E47B909 /* AppDelegate.swift in Sources */,
			);
			runOnlyForDeploymentPostprocessing = 0;
		};
/* End PBXSourcesBuildPhase section */

/* Begin XCBuildConfiguration section */
		08D6A9081085A1E6F7B39DD3 /* Debug */ = {
			isa = XCBuildConfiguration;
			buildSettings = {
				ASSETCATALOG_COMPILER_APPICON_NAME = AppIcon;
				ASSETCATALOG_COMPILER_GLOBAL_ACCENT_COLOR_NAME = AccentColor;
				CLANG_ENABLE_OBJC_WEAK = NO;
				CODE_SIGN_ENTITLEMENTS = GoDyrect/GoDyrect.entitlements;
				CODE_SIGN_STYLE = Automatic;
				CURRENT_PROJECT_VERSION = 5;
				DEVELOPMENT_TEAM = 3258CL32QP;
				ENABLE_USER_SCRIPT_SANDBOXING = YES;
				GENERATE_INFOPLIST_FILE = NO;
				INFOPLIST_FILE = GoDyrect/Info.plist;
				IPHONEOS_DEPLOYMENT_TARGET = 17.0;
				LD_RUNPATH_SEARCH_PATHS = "$(inherited) @executable_path/Frameworks";
				MARKETING_VERSION = 1.0.0;
				PRODUCT_BUNDLE_IDENTIFIER = com.godyrect.mobile;
				PRODUCT_NAME = "$(TARGET_NAME)";
				SDKROOT = iphoneos;
				SWIFT_VERSION = 5.0;
				TARGETED_DEVICE_FAMILY = "1,2";
			};
			name = Debug;
		};
		54E14D808568D9DC98050BF6 /* Release */ = {
			isa = XCBuildConfiguration;
			buildSettings = {
				ASSETCATALOG_COMPILER_APPICON_NAME = AppIcon;
				ASSETCATALOG_COMPILER_GLOBAL_ACCENT_COLOR_NAME = AccentColor;
				CLANG_ENABLE_OBJC_WEAK = NO;
				CODE_SIGN_ENTITLEMENTS = GoDyrect/GoDyrect.entitlements;
				CODE_SIGN_STYLE = Automatic;
				CURRENT_PROJECT_VERSION = 5;
				DEVELOPMENT_TEAM = 3258CL32QP;
				ENABLE_USER_SCRIPT_SANDBOXING = YES;
				GENERATE_INFOPLIST_FILE = NO;
				INFOPLIST_FILE = GoDyrect/Info.plist;
				IPHONEOS_DEPLOYMENT_TARGET = 17.0;
				LD_RUNPATH_SEARCH_PATHS = "$(inherited) @executable_path/Frameworks";
				MARKETING_VERSION = 1.0.0;
				PRODUCT_BUNDLE_IDENTIFIER = com.godyrect.mobile;
				PRODUCT_NAME = "$(TARGET_NAME)";
				SDKROOT = iphoneos;
				SWIFT_VERSION = 5.0;
				TARGETED_DEVICE_FAMILY = "1,2";
				VALIDATE_PRODUCT = YES;
			};
			name = Release;
		};
		9C16E94C429476A1B5A8A9B5 /* Debug */ = {
			isa = XCBuildConfiguration;
			buildSettings = {
				ALWAYS_SEARCH_USER_PATHS = NO;
				CLANG_ANALYZER_NONNULL = YES;
				CLANG_ANALYZER_NUMBER_OBJECT_CONVERSION = YES_AGGRESSIVE;
				CLANG_CXX_LANGUAGE_STANDARD = "gnu++14";
				CLANG_CXX_LIBRARY = "libc++";
				CLANG_ENABLE_MODULES = YES;
				CLANG_ENABLE_OBJC_ARC = YES;
				CLANG_ENABLE_OBJC_WEAK = YES;
				CLANG_WARN_BLOCK_CAPTURE_AUTORELEASING = YES;
				CLANG_WARN_BOOL_CONVERSION = YES;
				CLANG_WARN_COMMA = YES;
				CLANG_WARN_CONSTANT_CONVERSION = YES;
				CLANG_WARN_DEPRECATED_OBJC_IMPLEMENTATIONS = YES;
				CLANG_WARN_DIRECT_OBJC_ISA_USAGE = YES_ERROR;
				CLANG_WARN_DOCUMENTATION_COMMENTS = YES;
				CLANG_WARN_EMPTY_BODY = YES;
				CLANG_WARN_ENUM_CONVERSION = YES;
				CLANG_WARN_INFINITE_RECURSION = YES;
				CLANG_WARN_INT_CONVERSION = YES;
				CLANG_WARN_NON_LITERAL_NULL_CONVERSION = YES;
				CLANG_WARN_OBJC_IMPLICIT_RETAIN_SELF = YES;
				CLANG_WARN_OBJC_LITERAL_CONVERSION = YES;
				CLANG_WARN_OBJC_ROOT_CLASS = YES_ERROR;
				CLANG_WARN_QUOTED_INCLUDE_IN_FRAMEWORK_HEADER = YES;
				CLANG_WARN_RANGE_LOOP_ANALYSIS = YES;
				CLANG_WARN_STRICT_PROTOTYPES = YES;
				CLANG_WARN_SUSPICIOUS_MOVE = YES;
				CLANG_WARN_UNGUARDED_AVAILABILITY = YES_AGGRESSIVE;
				CLANG_WARN_UNREACHABLE_CODE = YES;
				CLANG_WARN__DUPLICATE_METHOD_MATCH = YES;
				COPY_PHASE_STRIP = NO;
				DEBUG_INFORMATION_FORMAT = dwarf;
				ENABLE_STRICT_OBJC_MSGSEND = YES;
				ENABLE_TESTABILITY = YES;
				GCC_C_LANGUAGE_STANDARD = gnu11;
				GCC_DYNAMIC_NO_PIC = NO;
				GCC_NO_COMMON_BLOCKS = YES;
				GCC_OPTIMIZATION_LEVEL = 0;
				GCC_PREPROCESSOR_DEFINITIONS = (
					"DEBUG=1",
					"$(inherited)",
				);
				GCC_WARN_64_TO_32_BIT_CONVERSION = YES;
				GCC_WARN_ABOUT_RETURN_TYPE = YES_ERROR;
				GCC_WARN_UNDECLARED_SELECTOR = YES;
				GCC_WARN_UNINITIALIZED_AUTOS = YES_AGGRESSIVE;
				GCC_WARN_UNUSED_FUNCTION = YES;
				GCC_WARN_UNUSED_VARIABLE = YES;
				IPHONEOS_DEPLOYMENT_TARGET = 17.0;
				MTL_ENABLE_DEBUG_INFO = INCLUDE_SOURCE;
				MTL_FAST_MATH = YES;
				ONLY_ACTIVE_ARCH = YES;
				PRODUCT_NAME = "$(TARGET_NAME)";
				SWIFT_ACTIVE_COMPILATION_CONDITIONS = DEBUG;
				SWIFT_OPTIMIZATION_LEVEL = "-Onone";
				SWIFT_VERSION = 5.0;
			};
			name = Debug;
		};
		EDBA351D1B32A7826DFF9C39 /* Release */ = {
			isa = XCBuildConfiguration;
			buildSettings = {
				ALWAYS_SEARCH_USER_PATHS = NO;
				CLANG_ANALYZER_NONNULL = YES;
				CLANG_ANALYZER_NUMBER_OBJECT_CONVERSION = YES_AGGRESSIVE;
				CLANG_CXX_LANGUAGE_STANDARD = "gnu++14";
				CLANG_CXX_LIBRARY = "libc++";
				CLANG_ENABLE_MODULES = YES;
				CLANG_ENABLE_OBJC_ARC = YES;
				CLANG_ENABLE_OBJC_WEAK = YES;
				CLANG_WARN_BLOCK_CAPTURE_AUTORELEASING = YES;
				CLANG_WARN_BOOL_CONVERSION = YES;
				CLANG_WARN_COMMA = YES;
				CLANG_WARN_CONSTANT_CONVERSION = YES;
				CLANG_WARN_DEPRECATED_OBJC_IMPLEMENTATIONS = YES;
				CLANG_WARN_DIRECT_OBJC_ISA_USAGE = YES_ERROR;
				CLANG_WARN_DOCUMENTATION_COMMENTS = YES;
				CLANG_WARN_EMPTY_BODY = YES;
				CLANG_WARN_ENUM_CONVERSION = YES;
				CLANG_WARN_INFINITE_RECURSION = YES;
				CLANG_WARN_INT_CONVERSION = YES;
				CLANG_WARN_NON_LITERAL_NULL_CONVERSION = YES;
				CLANG_WARN_OBJC_IMPLICIT_RETAIN_SELF = YES;
				CLANG_WARN_OBJC_LITERAL_CONVERSION = YES;
				CLANG_WARN_OBJC_ROOT_CLASS = YES_ERROR;
				CLANG_WARN_QUOTED_INCLUDE_IN_FRAMEWORK_HEADER = YES;
				CLANG_WARN_RANGE_LOOP_ANALYSIS = YES;
				CLANG_WARN_STRICT_PROTOTYPES = YES;
				CLANG_WARN_SUSPICIOUS_MOVE = YES;
				CLANG_WARN_UNGUARDED_AVAILABILITY = YES_AGGRESSIVE;
				CLANG_WARN_UNREACHABLE_CODE = YES;
				CLANG_WARN__DUPLICATE_METHOD_MATCH = YES;
				COPY_PHASE_STRIP = NO;
				DEBUG_INFORMATION_FORMAT = "dwarf-with-dsym";
				ENABLE_NS_ASSERTIONS = NO;
				ENABLE_STRICT_OBJC_MSGSEND = YES;
				GCC_C_LANGUAGE_STANDARD = gnu11;
				GCC_NO_COMMON_BLOCKS = YES;
				GCC_WARN_64_TO_32_BIT_CONVERSION = YES;
				GCC_WARN_ABOUT_RETURN_TYPE = YES_ERROR;
				GCC_WARN_UNDECLARED_SELECTOR = YES;
				GCC_WARN_UNINITIALIZED_AUTOS = YES_AGGRESSIVE;
				GCC_WARN_UNUSED_FUNCTION = YES;
				GCC_WARN_UNUSED_VARIABLE = YES;
				IPHONEOS_DEPLOYMENT_TARGET = 17.0;
				MTL_ENABLE_DEBUG_INFO = NO;
				MTL_FAST_MATH = YES;
				PRODUCT_NAME = "$(TARGET_NAME)";
				SWIFT_COMPILATION_MODE = wholemodule;
				SWIFT_OPTIMIZATION_LEVEL = "-O";
				SWIFT_VERSION = 5.0;
			};
			name = Release;
		};
/* End XCBuildConfiguration section */

/* Begin XCConfigurationList section */
		1E0256500676684A97660FC9 /* Build configuration list for PBXNativeTarget "GoDyrect" */ = {
			isa = XCConfigurationList;
			buildConfigurations = (
				54E14D808568D9DC98050BF6 /* Release */,
				08D6A9081085A1E6F7B39DD3 /* Debug */,
			);
			defaultConfigurationIsVisible = 0;
			defaultConfigurationName = Release;
		};
		35AEE66D71D930B17BFAF58B /* Build configuration list for PBXProject "GoDyrect" */ = {
			isa = XCConfigurationList;
			buildConfigurations = (
				9C16E94C429476A1B5A8A9B5 /* Debug */,
				EDBA351D1B32A7826DFF9C39 /* Release */,
			);
			defaultConfigurationIsVisible = 0;
			defaultConfigurationName = Release;
		};
/* End XCConfigurationList section */
	};
	rootObject = 5595E4DCAB83350FE9424722 /* Project object */;
}
